
Microsoft Visual Studio Solution File, Format Version 11.00
# Visual Studio 2010
Project("{FAE04EC0-301F-11D3-BF4B-00C04F79EFBC}") = "TysonDevExamples", "TysonDevExamples\TysonDevExamples.csproj", "{290DEC2B-D4AC-4D52-8ED5-D92678430585}"
EndProject
Global
	GlobalSection(SolutionConfigurationPlatforms) = preSolution
		Debug|x86 = Debug|x86
		Release|x86 = Release|x86
	EndGlobalSection
	GlobalSection(ProjectConfigurationPlatforms) = postSolution
		{290DEC2B-D4AC-4D52-8ED5-D92678430585}.Debug|x86.ActiveCfg = Debug|x86
		{290DEC2B-D4AC-4D52-8ED5-D92678430585}.Debug|x86.Build.0 = Debug|x86
		{290DEC2B-D4AC-4D52-8ED5-D92678430585}.Release|x86.ActiveCfg = Release|x86
		{290DEC2B-D4AC-4D52-8ED5-D92678430585}.Release|x86.Build.0 = Release|x86
	EndGlobalSection
	GlobalSection(SolutionProperties) = preSolution
		HideSolutionNode = FALSE
	EndGlobalSection
EndGlobal
