
Microsoft Visual Studio Solution File, Format Version 11.00
# Visual Studio 2010
Project("{FAE04EC0-301F-11D3-BF4B-00C04F79EFBC}") = "Mvc", "Mvc\Mvc.csproj", "{18BB1D01-CD3B-42BE-BF55-DB8DF29790B1}"
EndProject
Project("{FAE04EC0-301F-11D3-BF4B-00C04F79EFBC}") = "MvcApplication", "MvcApplication\MvcApplication.csproj", "{D3E10EB4-ADE5-4E0B-998E-816649D5D545}"
EndProject
Global
	GlobalSection(SolutionConfigurationPlatforms) = preSolution
		Debug|Any CPU = Debug|Any CPU
		Release|Any CPU = Release|Any CPU
	EndGlobalSection
	GlobalSection(ProjectConfigurationPlatforms) = postSolution
		{18BB1D01-CD3B-42BE-BF55-DB8DF29790B1}.Debug|Any CPU.ActiveCfg = Debug|Any CPU
		{18BB1D01-CD3B-42BE-BF55-DB8DF29790B1}.Debug|Any CPU.Build.0 = Debug|Any CPU
		{18BB1D01-CD3B-42BE-BF55-DB8DF29790B1}.Release|Any CPU.ActiveCfg = Release|Any CPU
		{18BB1D01-CD3B-42BE-BF55-DB8DF29790B1}.Release|Any CPU.Build.0 = Release|Any CPU
		{D3E10EB4-ADE5-4E0B-998E-816649D5D545}.Debug|Any CPU.ActiveCfg = Debug|Any CPU
		{D3E10EB4-ADE5-4E0B-998E-816649D5D545}.Debug|Any CPU.Build.0 = Debug|Any CPU
		{D3E10EB4-ADE5-4E0B-998E-816649D5D545}.Release|Any CPU.ActiveCfg = Release|Any CPU
		{D3E10EB4-ADE5-4E0B-998E-816649D5D545}.Release|Any CPU.Build.0 = Release|Any CPU
	EndGlobalSection
	GlobalSection(SolutionProperties) = preSolution
		HideSolutionNode = FALSE
	EndGlobalSection
EndGlobal
