
Microsoft Visual Studio Solution File, Format Version 11.00
# Visual Studio 2010
Project("{FAE04EC0-301F-11D3-BF4B-00C04F79EFBC}") = "Mvc", "Mvc\Mvc.csproj", "{6F97C245-0BC6-43F5-8DD4-06C17A810F2E}"
EndProject
Project("{FAE04EC0-301F-11D3-BF4B-00C04F79EFBC}") = "MvcApplication", "MvcApplication\MvcApplication.csproj", "{C65939F7-6A8D-4041-9DF9-49DBF9D26607}"
EndProject
Global
	GlobalSection(SolutionConfigurationPlatforms) = preSolution
		Debug|Any CPU = Debug|Any CPU
		Release|Any CPU = Release|Any CPU
	EndGlobalSection
	GlobalSection(ProjectConfigurationPlatforms) = postSolution
		{6F97C245-0BC6-43F5-8DD4-06C17A810F2E}.Debug|Any CPU.ActiveCfg = Debug|Any CPU
		{6F97C245-0BC6-43F5-8DD4-06C17A810F2E}.Debug|Any CPU.Build.0 = Debug|Any CPU
		{6F97C245-0BC6-43F5-8DD4-06C17A810F2E}.Release|Any CPU.ActiveCfg = Release|Any CPU
		{6F97C245-0BC6-43F5-8DD4-06C17A810F2E}.Release|Any CPU.Build.0 = Release|Any CPU
		{C65939F7-6A8D-4041-9DF9-49DBF9D26607}.Debug|Any CPU.ActiveCfg = Debug|Any CPU
		{C65939F7-6A8D-4041-9DF9-49DBF9D26607}.Debug|Any CPU.Build.0 = Debug|Any CPU
		{C65939F7-6A8D-4041-9DF9-49DBF9D26607}.Release|Any CPU.ActiveCfg = Release|Any CPU
		{C65939F7-6A8D-4041-9DF9-49DBF9D26607}.Release|Any CPU.Build.0 = Release|Any CPU
	EndGlobalSection
	GlobalSection(SolutionProperties) = preSolution
		HideSolutionNode = FALSE
	EndGlobalSection
EndGlobal
